{
  "version": 4,
  "terraform_version": "1.4.5",
  "serial": 144,
  "lineage": "1afb63f3-d57a-167f-aa17-5de067b1399f",
  "outputs": {},
  "resources": [
    {
      "mode": "managed",
      "type": "aws_ebs_volume",
      "name": "ebs_vol",
      "provider": "provider[\"registry.terraform.io/hashicorp/aws\"]",
      "instances": [
        {
          "schema_version": 0,
          "attributes": {
            "arn": "arn:aws:ec2:us-west-1:221056060938:volume/vol-0ed13eb7700e28fe0",
            "availability_zone": "us-west-1a",
            "encrypted": false,
            "final_snapshot": false,
            "id": "vol-0ed13eb7700e28fe0",
            "iops": 100,
            "kms_key_id": "",
            "multi_attach_enabled": false,
            "outpost_arn": "",
            "size": 10,
            "snapshot_id": "",
            "tags": {
              "Name": "WebApp_Vol"
            },
            "tags_all": {
              "Name": "WebApp_Vol"
            },
            "throughput": 0,
            "timeouts": null,
            "type": "gp2"
          },
          "sensitive_attributes": [],
          "private": "eyJlMmJmYjczMC1lY2FhLTExZTYtOGY4OC0zNDM2M2JjN2M0YzAiOnsiY3JlYXRlIjozMDAwMDAwMDAwMDAsImRlbGV0ZSI6MzAwMDAwMDAwMDAwLCJ1cGRhdGUiOjMwMDAwMDAwMDAwMH19",
          "dependencies": [
            "aws_instance.Terraform_WebApp",
            "aws_key_pair.key_pair_app",
            "aws_security_group.demo-sg",
            "tls_private_key.instance_key"
          ]
        }
      ]
    },
    {
      "mode": "managed",
      "type": "aws_instance",
      "name": "Terraform_WebApp",
      "provider": "provider[\"registry.terraform.io/hashicorp/aws\"]",
      "instances": [
        {
          "schema_version": 1,
          "attributes": {
            "ami": "ami-0127b2e6f3b9b94d5",
            "arn": "arn:aws:ec2:us-west-1:221056060938:instance/i-04d016e60dfac1a1c",
            "associate_public_ip_address": true,
            "availability_zone": "us-west-1a",
            "capacity_reservation_specification": [
              {
                "capacity_reservation_preference": "open",
                "capacity_reservation_target": []
              }
            ],
            "cpu_core_count": 1,
            "cpu_threads_per_core": 1,
            "credit_specification": [
              {
                "cpu_credits": "standard"
              }
            ],
            "disable_api_stop": false,
            "disable_api_termination": false,
            "ebs_block_device": [
              {
                "delete_on_termination": false,
                "device_name": "/dev/sdh",
                "encrypted": false,
                "iops": 100,
                "kms_key_id": "",
                "snapshot_id": "",
                "tags": {
                  "Name": "WebApp_Vol"
                },
                "throughput": 0,
                "volume_id": "vol-0ed13eb7700e28fe0",
                "volume_size": 10,
                "volume_type": "gp2"
              }
            ],
            "ebs_optimized": false,
            "enclave_options": [
              {
                "enabled": false
              }
            ],
            "ephemeral_block_device": [],
            "get_password_data": false,
            "hibernation": false,
            "host_id": "",
            "host_resource_group_arn": null,
            "iam_instance_profile": "",
            "id": "i-04d016e60dfac1a1c",
            "instance_initiated_shutdown_behavior": "stop",
            "instance_state": "running",
            "instance_type": "t2.micro",
            "ipv6_address_count": 0,
            "ipv6_addresses": [],
            "key_name": "Terraform_WebApp",
            "launch_template": [],
            "maintenance_options": [
              {
                "auto_recovery": "default"
              }
            ],
            "metadata_options": [
              {
                "http_endpoint": "enabled",
                "http_put_response_hop_limit": 2,
                "http_tokens": "required",
                "instance_metadata_tags": "disabled"
              }
            ],
            "monitoring": false,
            "network_interface": [],
            "outpost_arn": "",
            "password_data": "",
            "placement_group": "",
            "placement_partition_number": 0,
            "primary_network_interface_id": "eni-0ee1effee8617a750",
            "private_dns": "ip-172-31-1-146.us-west-1.compute.internal",
            "private_dns_name_options": [
              {
                "enable_resource_name_dns_a_record": false,
                "enable_resource_name_dns_aaaa_record": false,
                "hostname_type": "ip-name"
              }
            ],
            "private_ip": "172.31.1.146",
            "public_dns": "ec2-54-193-69-105.us-west-1.compute.amazonaws.com",
            "public_ip": "54.193.69.105",
            "root_block_device": [
              {
                "delete_on_termination": true,
                "device_name": "/dev/xvda",
                "encrypted": false,
                "iops": 3000,
                "kms_key_id": "",
                "tags": {},
                "throughput": 125,
                "volume_id": "vol-0862964be46d14a1f",
                "volume_size": 8,
                "volume_type": "gp3"
              }
            ],
            "secondary_private_ips": [],
            "security_groups": [
              "sg"
            ],
            "source_dest_check": true,
            "subnet_id": "subnet-0e1381571788855e8",
            "tags": {
              "Name": "Terraform_WebApp"
            },
            "tags_all": {
              "Name": "Terraform_WebApp"
            },
            "tenancy": "default",
            "timeouts": null,
            "user_data": null,
            "user_data_base64": null,
            "user_data_replace_on_change": false,
            "volume_tags": null,
            "vpc_security_group_ids": [
              "sg-06bdfd529dc8db95c"
            ]
          },
          "sensitive_attributes": [],
          "private": "eyJlMmJmYjczMC1lY2FhLTExZTYtOGY4OC0zNDM2M2JjN2M0YzAiOnsiY3JlYXRlIjo2MDAwMDAwMDAwMDAsImRlbGV0ZSI6MTIwMDAwMDAwMDAwMCwidXBkYXRlIjo2MDAwMDAwMDAwMDB9LCJzY2hlbWFfdmVyc2lvbiI6IjEifQ==",
          "dependencies": [
            "aws_key_pair.key_pair_app",
            "aws_security_group.demo-sg",
            "tls_private_key.instance_key"
          ]
        }
      ]
    },
    {
      "mode": "managed",
      "type": "aws_internet_gateway",
      "name": "IGW",
      "provider": "provider[\"registry.terraform.io/hashicorp/aws\"]",
      "instances": [
        {
          "schema_version": 0,
          "attributes": {
            "arn": "arn:aws:ec2:us-west-1:221056060938:internet-gateway/igw-04ff4ac41dcb3b6d4",
            "id": "igw-04ff4ac41dcb3b6d4",
            "owner_id": "221056060938",
            "tags": {},
            "tags_all": {},
            "timeouts": null,
            "vpc_id": "vpc-021ad7ed29dfef937"
          },
          "sensitive_attributes": [],
          "private": "eyJlMmJmYjczMC1lY2FhLTExZTYtOGY4OC0zNDM2M2JjN2M0YzAiOnsiY3JlYXRlIjoxMjAwMDAwMDAwMDAwLCJkZWxldGUiOjEyMDAwMDAwMDAwMDAsInVwZGF0ZSI6MTIwMDAwMDAwMDAwMH19",
          "dependencies": [
            "aws_vpc.Main"
          ]
        }
      ]
    },
    {
      "mode": "managed",
      "type": "aws_key_pair",
      "name": "key_pair_app",
      "provider": "provider[\"registry.terraform.io/hashicorp/aws\"]",
      "instances": [
        {
          "schema_version": 1,
          "attributes": {
            "arn": "arn:aws:ec2:us-west-1:221056060938:key-pair/Terraform_WebApp",
            "fingerprint": "e2:e8:32:42:6e:ed:8c:93:3f:b1:ff:f9:58:b3:28:7e",
            "id": "Terraform_WebApp",
            "key_name": "Terraform_WebApp",
            "key_name_prefix": "",
            "key_pair_id": "key-080c0a950fceab233",
            "key_type": "rsa",
            "public_key": "ssh-rsa AAAAB3NzaC1yc2EAAAADAQABAAABAQDfTqzYwqzrMGuK9EdpcmdYcigJfI7gjAbgPpLtfHLLViUzNHDfkxn2EbFexpJbVtIuVV4Z/OwHSPRx+QweQBR/fsP4AaT6aRJvGjznM7vj1TItUQaTaOYYKmn9xOBBeUSF2eq3WPn7OYjaHotZg6W4kOMlGo7BySAwwpXhvHtsFiBj/ztNQ0OSz0pgV/nm+JpNde/cWNFE+KUcFM1Gpru+tBIrn/lePjl3KpM3zrRgeV/7DMGbu/h3+Qyt1xD8jhKfNYlK+ocAkxjBhZYc9rjI9HX/sdktpx/jmqk1ge5OmH4OZTnF3lhmheGYB0yIUEDONsfWmZnsg6N7lqQHASFh",
            "tags": {},
            "tags_all": {}
          },
          "sensitive_attributes": [],
          "private": "eyJzY2hlbWFfdmVyc2lvbiI6IjEifQ==",
          "dependencies": [
            "tls_private_key.instance_key"
          ]
        }
      ]
    },
    {
      "mode": "managed",
      "type": "aws_route_table",
      "name": "PublicRT",
      "provider": "provider[\"registry.terraform.io/hashicorp/aws\"]",
      "instances": [
        {
          "schema_version": 0,
          "attributes": {
            "arn": "arn:aws:ec2:us-west-1:221056060938:route-table/rtb-04d8cd35449aaedac",
            "id": "rtb-04d8cd35449aaedac",
            "owner_id": "221056060938",
            "propagating_vgws": [],
            "route": [
              {
                "carrier_gateway_id": "",
                "cidr_block": "0.0.0.0/0",
                "core_network_arn": "",
                "destination_prefix_list_id": "",
                "egress_only_gateway_id": "",
                "gateway_id": "igw-04ff4ac41dcb3b6d4",
                "instance_id": "",
                "ipv6_cidr_block": "",
                "local_gateway_id": "",
                "nat_gateway_id": "",
                "network_interface_id": "",
                "transit_gateway_id": "",
                "vpc_endpoint_id": "",
                "vpc_peering_connection_id": ""
              }
            ],
            "tags": {},
            "tags_all": {},
            "timeouts": null,
            "vpc_id": "vpc-021ad7ed29dfef937"
          },
          "sensitive_attributes": [],
          "private": "eyJlMmJmYjczMC1lY2FhLTExZTYtOGY4OC0zNDM2M2JjN2M0YzAiOnsiY3JlYXRlIjozMDAwMDAwMDAwMDAsImRlbGV0ZSI6MzAwMDAwMDAwMDAwLCJ1cGRhdGUiOjEyMDAwMDAwMDAwMH19",
          "dependencies": [
            "aws_internet_gateway.IGW",
            "aws_vpc.Main"
          ]
        }
      ]
    },
    {
      "mode": "managed",
      "type": "aws_route_table_association",
      "name": "PublicRTassociation",
      "provider": "provider[\"registry.terraform.io/hashicorp/aws\"]",
      "instances": [
        {
          "schema_version": 0,
          "attributes": {
            "gateway_id": "",
            "id": "rtbassoc-06092a28f6b6a1c00",
            "route_table_id": "rtb-04d8cd35449aaedac",
            "subnet_id": "subnet-04040cdd6ae834851",
            "timeouts": null
          },
          "sensitive_attributes": [],
          "private": "eyJlMmJmYjczMC1lY2FhLTExZTYtOGY4OC0zNDM2M2JjN2M0YzAiOnsiY3JlYXRlIjozMDAwMDAwMDAwMDAsImRlbGV0ZSI6MzAwMDAwMDAwMDAwLCJ1cGRhdGUiOjEyMDAwMDAwMDAwMH19",
          "dependencies": [
            "aws_internet_gateway.IGW",
            "aws_route_table.PublicRT",
            "aws_subnet.publicsubnets",
            "aws_vpc.Main"
          ]
        }
      ]
    },
    {
      "mode": "managed",
      "type": "aws_security_group",
      "name": "demo-sg",
      "provider": "provider[\"registry.terraform.io/hashicorp/aws\"]",
      "instances": [
        {
          "schema_version": 1,
          "attributes": {
            "arn": "arn:aws:ec2:us-west-1:221056060938:security-group/sg-06bdfd529dc8db95c",
            "description": "Allow Inbound and Outbound Traffic",
            "egress": [
              {
                "cidr_blocks": [
                  "0.0.0.0/0"
                ],
                "description": "",
                "from_port": 0,
                "ipv6_cidr_blocks": [],
                "prefix_list_ids": [],
                "protocol": "-1",
                "security_groups": [],
                "self": false,
                "to_port": 0
              }
            ],
            "id": "sg-06bdfd529dc8db95c",
            "ingress": [
              {
                "cidr_blocks": [
                  "0.0.0.0/0"
                ],
                "description": "",
                "from_port": 22,
                "ipv6_cidr_blocks": [],
                "prefix_list_ids": [],
                "protocol": "tcp",
                "security_groups": [],
                "self": false,
                "to_port": 22
              },
              {
                "cidr_blocks": [
                  "0.0.0.0/0"
                ],
                "description": "",
                "from_port": 443,
                "ipv6_cidr_blocks": [],
                "prefix_list_ids": [],
                "protocol": "tcp",
                "security_groups": [],
                "self": false,
                "to_port": 443
              },
              {
                "cidr_blocks": [
                  "0.0.0.0/0"
                ],
                "description": "",
                "from_port": 80,
                "ipv6_cidr_blocks": [],
                "prefix_list_ids": [],
                "protocol": "tcp",
                "security_groups": [],
                "self": false,
                "to_port": 80
              }
            ],
            "name": "sg",
            "name_prefix": "",
            "owner_id": "221056060938",
            "revoke_rules_on_delete": false,
            "tags": {},
            "tags_all": {},
            "timeouts": null,
            "vpc_id": "vpc-0b433205e664738d1"
          },
          "sensitive_attributes": [],
          "private": "eyJlMmJmYjczMC1lY2FhLTExZTYtOGY4OC0zNDM2M2JjN2M0YzAiOnsiY3JlYXRlIjo2MDAwMDAwMDAwMDAsImRlbGV0ZSI6OTAwMDAwMDAwMDAwfSwic2NoZW1hX3ZlcnNpb24iOiIxIn0="
        }
      ]
    },
    {
      "mode": "managed",
      "type": "aws_subnet",
      "name": "publicsubnets",
      "provider": "provider[\"registry.terraform.io/hashicorp/aws\"]",
      "instances": [
        {
          "schema_version": 1,
          "attributes": {
            "arn": "arn:aws:ec2:us-west-1:221056060938:subnet/subnet-04040cdd6ae834851",
            "assign_ipv6_address_on_creation": false,
            "availability_zone": "us-west-1b",
            "availability_zone_id": "usw1-az1",
            "cidr_block": "10.0.0.0/24",
            "customer_owned_ipv4_pool": "",
            "enable_dns64": false,
            "enable_lni_at_device_index": 0,
            "enable_resource_name_dns_a_record_on_launch": false,
            "enable_resource_name_dns_aaaa_record_on_launch": false,
            "id": "subnet-04040cdd6ae834851",
            "ipv6_cidr_block": "",
            "ipv6_cidr_block_association_id": "",
            "ipv6_native": false,
            "map_customer_owned_ip_on_launch": false,
            "map_public_ip_on_launch": false,
            "outpost_arn": "",
            "owner_id": "221056060938",
            "private_dns_hostname_type_on_launch": "ip-name",
            "tags": {},
            "tags_all": {},
            "timeouts": null,
            "vpc_id": "vpc-021ad7ed29dfef937"
          },
          "sensitive_attributes": [],
          "private": "eyJlMmJmYjczMC1lY2FhLTExZTYtOGY4OC0zNDM2M2JjN2M0YzAiOnsiY3JlYXRlIjo2MDAwMDAwMDAwMDAsImRlbGV0ZSI6MTIwMDAwMDAwMDAwMH0sInNjaGVtYV92ZXJzaW9uIjoiMSJ9",
          "dependencies": [
            "aws_vpc.Main"
          ]
        }
      ]
    },
    {
      "mode": "managed",
      "type": "aws_volume_attachment",
      "name": "ebs_vol_attch",
      "provider": "provider[\"registry.terraform.io/hashicorp/aws\"]",
      "instances": [
        {
          "schema_version": 0,
          "attributes": {
            "device_name": "/dev/sdh",
            "force_detach": null,
            "id": "vai-3016468304",
            "instance_id": "i-04d016e60dfac1a1c",
            "skip_destroy": null,
            "stop_instance_before_detaching": null,
            "timeouts": null,
            "volume_id": "vol-0ed13eb7700e28fe0"
          },
          "sensitive_attributes": [],
          "private": "eyJlMmJmYjczMC1lY2FhLTExZTYtOGY4OC0zNDM2M2JjN2M0YzAiOnsiY3JlYXRlIjozMDAwMDAwMDAwMDAsImRlbGV0ZSI6MzAwMDAwMDAwMDAwfX0=",
          "dependencies": [
            "aws_ebs_volume.ebs_vol",
            "aws_instance.Terraform_WebApp",
            "aws_key_pair.key_pair_app",
            "aws_security_group.demo-sg",
            "tls_private_key.instance_key"
          ]
        }
      ]
    },
    {
      "mode": "managed",
      "type": "aws_vpc",
      "name": "Main",
      "provider": "provider[\"registry.terraform.io/hashicorp/aws\"]",
      "instances": [
        {
          "schema_version": 1,
          "attributes": {
            "arn": "arn:aws:ec2:us-west-1:221056060938:vpc/vpc-021ad7ed29dfef937",
            "assign_generated_ipv6_cidr_block": false,
            "cidr_block": "10.0.0.0/16",
            "default_network_acl_id": "acl-010746b852de0640a",
            "default_route_table_id": "rtb-0c2f8d71184df138e",
            "default_security_group_id": "sg-0b6fe8e6932a8fc32",
            "dhcp_options_id": "dopt-0f4bc7d8e0b9a47e7",
            "enable_classiclink": false,
            "enable_classiclink_dns_support": false,
            "enable_dns_hostnames": false,
            "enable_dns_support": true,
            "enable_network_address_usage_metrics": false,
            "id": "vpc-021ad7ed29dfef937",
            "instance_tenancy": "default",
            "ipv4_ipam_pool_id": null,
            "ipv4_netmask_length": null,
            "ipv6_association_id": "",
            "ipv6_cidr_block": "",
            "ipv6_cidr_block_network_border_group": "",
            "ipv6_ipam_pool_id": "",
            "ipv6_netmask_length": 0,
            "main_route_table_id": "rtb-0c2f8d71184df138e",
            "owner_id": "221056060938",
            "tags": {},
            "tags_all": {}
          },
          "sensitive_attributes": [],
          "private": "eyJzY2hlbWFfdmVyc2lvbiI6IjEifQ=="
        }
      ]
    },
    {
      "mode": "managed",
      "type": "null_resource",
      "name": "configuration_resource",
      "provider": "provider[\"registry.terraform.io/hashicorp/null\"]",
      "instances": [
        {
          "status": "tainted",
          "schema_version": 0,
          "attributes": {
            "id": "3375676011620779663",
            "triggers": null
          },
          "sensitive_attributes": [],
          "dependencies": [
            "aws_instance.Terraform_WebApp",
            "aws_key_pair.key_pair_app"
          ]
        }
      ]
    },
    {
      "mode": "managed",
      "type": "tls_private_key",
      "name": "instance_key",
      "provider": "provider[\"registry.terraform.io/hashicorp/tls\"]",
      "instances": [
        {
          "schema_version": 1,
          "attributes": {
            "algorithm": "RSA",
            "ecdsa_curve": "P224",
            "id": "8976554e77cb54098cda6defcd8994f64a2d6569",
            "private_key_openssh": "-----BEGIN OPENSSH PRIVATE KEY-----\nb3BlbnNzaC1rZXktdjEAAAAABG5vbmUAAAAEbm9uZQAAAAAAAAABAAABFwAAAAdz\nc2gtcnNhAAAAAwEAAQAAAQEA306s2MKs6zBrivRHaXJnWHIoCXyO4IwG4D6S7Xxy\ny1YlMzRw35MZ9hGxXsaSW1bSLlVeGfzsB0j0cfkMHkAUf37D+AGk+mkSbxo85zO7\n49UyLVEGk2jmGCpp/cTgQXlEhdnqt1j5+zmI2h6LWYOluJDjJRqOwckgMMKV4bx7\nbBYgY/87TUNDks9KYFf55viaTXXv3FjRRPilHBTNRqa7vrQSK5/5Xj45dyqTN860\nYHlf+wzBm7v4d/kMrdcQ/I4SnzWJSvqHAJMYwYWWHPa4yPR1/7HZLacf45qpNYHu\nTph+DmU5xd5YZoXhmAdMiFBAzjbH1pmZ7IOje5akBwEhYQAAA7h3dJ9Pd3SfTwAA\nAAdzc2gtcnNhAAABAQDfTqzYwqzrMGuK9EdpcmdYcigJfI7gjAbgPpLtfHLLViUz\nNHDfkxn2EbFexpJbVtIuVV4Z/OwHSPRx+QweQBR/fsP4AaT6aRJvGjznM7vj1TIt\nUQaTaOYYKmn9xOBBeUSF2eq3WPn7OYjaHotZg6W4kOMlGo7BySAwwpXhvHtsFiBj\n/ztNQ0OSz0pgV/nm+JpNde/cWNFE+KUcFM1Gpru+tBIrn/lePjl3KpM3zrRgeV/7\nDMGbu/h3+Qyt1xD8jhKfNYlK+ocAkxjBhZYc9rjI9HX/sdktpx/jmqk1ge5OmH4O\nZTnF3lhmheGYB0yIUEDONsfWmZnsg6N7lqQHASFhAAAAAwEAAQAAAQA6LjJki1wo\nLsZmPrz4YUFBzwRVbGmBYZpNBKCdVYZHKhupGqmp5pamAPgYfF4XhChgwAczeC06\nvKxLoZqhqwpsKWf/jtYgFA4kek6R4m26r4pSOkEfWP5SH4LcBlZzWJgc06kOuhTv\neo8IXVrrKJyd2MoFmcTGApPrgFcyqDvz7ddNndoKlM3XX3v34cQUdMFJCsnvo8+E\n+iN+SuHOrwCGBCJ83DOmdMKzIOY+3myrRC8DE1jE0lzeZmpK6lcKTBuPqHOajnlo\nA48L9vOpVPtHf/2XCon6TTC3gEbAWk8nThi33HNgMdAjlxsHW98UVIm2u989H+M1\nbb8fbHy4qMsBAAAAgQCja82aoXg2R+yamKKTfu3qx1fC4jHBSZkrEkvEb6ujbqqy\noouK4A1NOPVPd9Bo3F7avrJZQT0+JpLlFUBrUNlRsrOn8t2VfbqRGprFKSXRgynt\n1qFnKGd4cFkROq3ey4blMp7KaxPTv9NxNkTg5FqAH692yOGzMjGQr8q5kY2lhQAA\nAIEA7xPWCaIfVj/7/I0g7fLVQ2g1hmIEysUrprJilZLzJt18zuzKpAOqLD6AOxue\nq9Qjec0/AaXNMzh8a3dvigbxARpiCapVplvLWYoQxHPsw4U1pENfESYjVqUOmmAv\nBePGsmOgz5xJdM/y7F5HV2Z683+c+S/PhhCtFvSOn4FPijEAAACBAO8dFBq8++Pn\nzYL/pG8RIuiVGYGf51dQHTpB1wnBgzog+EkuwDdQSYVMpEQ7uODlrdtlMj+ED7L1\n4i4E0Gqon7lpDz2N/fMXo8N7UC63MoTjJLz4ZagoRXI/FkG1giwVwyW6jVAj9N39\nZ7mIY0+rgHFYaYf9twv/ckUGWuFJiQ4xAAAAAAEC\n-----END OPENSSH PRIVATE KEY-----\n",
            "private_key_pem": "-----BEGIN RSA PRIVATE KEY-----\nMIIEpAIBAAKCAQEA306s2MKs6zBrivRHaXJnWHIoCXyO4IwG4D6S7Xxyy1YlMzRw\n35MZ9hGxXsaSW1bSLlVeGfzsB0j0cfkMHkAUf37D+AGk+mkSbxo85zO749UyLVEG\nk2jmGCpp/cTgQXlEhdnqt1j5+zmI2h6LWYOluJDjJRqOwckgMMKV4bx7bBYgY/87\nTUNDks9KYFf55viaTXXv3FjRRPilHBTNRqa7vrQSK5/5Xj45dyqTN860YHlf+wzB\nm7v4d/kMrdcQ/I4SnzWJSvqHAJMYwYWWHPa4yPR1/7HZLacf45qpNYHuTph+DmU5\nxd5YZoXhmAdMiFBAzjbH1pmZ7IOje5akBwEhYQIDAQABAoIBADouMmSLXCguxmY+\nvPhhQUHPBFVsaYFhmk0EoJ1VhkcqG6kaqanmlqYA+Bh8XheEKGDABzN4LTq8rEuh\nmqGrCmwpZ/+O1iAUDiR6TpHibbqvilI6QR9Y/lIfgtwGVnNYmBzTqQ66FO96jwhd\nWusonJ3YygWZxMYCk+uAVzKoO/Pt102d2gqUzddfe/fhxBR0wUkKye+jz4T6I35K\n4c6vAIYEInzcM6Z0wrMg5j7ebKtELwMTWMTSXN5makrqVwpMG4+oc5qOeWgDjwv2\n86lU+0d//ZcKifpNMLeARsBaTydOGLfcc2Ax0COXGwdb3xRUiba73z0f4zVtvx9s\nfLioywECgYEA7xPWCaIfVj/7/I0g7fLVQ2g1hmIEysUrprJilZLzJt18zuzKpAOq\nLD6AOxueq9Qjec0/AaXNMzh8a3dvigbxARpiCapVplvLWYoQxHPsw4U1pENfESYj\nVqUOmmAvBePGsmOgz5xJdM/y7F5HV2Z683+c+S/PhhCtFvSOn4FPijECgYEA7x0U\nGrz74+fNgv+kbxEi6JUZgZ/nV1AdOkHXCcGDOiD4SS7AN1BJhUykRDu44OWt22Uy\nP4QPsvXiLgTQaqifuWkPPY398xejw3tQLrcyhOMkvPhlqChFcj8WQbWCLBXDJbqN\nUCP03f1nuYhjT6uAcVhph/23C/9yRQZa4UmJDjECgYA0XPHaNkoKyATW8couk6sm\nEmL2xe0qxDilUBjLjd33uzck0zQm7C6Pdjj7uTbth48llFCiecAR4eNOXmBtqMuM\nZEzotQgBYcWOHPFDNei7gieXjLH7vZCr34btRPfHoHXaiHumPSLRlOIt5xBVEjsH\nrgGhilk3kdt3VaUPRnE3YQKBgQC9YlehEduj193jCp1vRrBSbH1GOKMfeZmcobcy\nx+0q5iAgvoGJjfKdPGXCkVbN8bwwz8brnapdgPhCoJd+Us4nKPnkNAlWN3wCgTGx\nvnGp5ModTdQeSr8uTJ9RLfTK+/WTdV0lg0UXafR0c3zNBjX2ECONjTskqo8T8oOa\negaukQKBgQCja82aoXg2R+yamKKTfu3qx1fC4jHBSZkrEkvEb6ujbqqyoouK4A1N\nOPVPd9Bo3F7avrJZQT0+JpLlFUBrUNlRsrOn8t2VfbqRGprFKSXRgynt1qFnKGd4\ncFkROq3ey4blMp7KaxPTv9NxNkTg5FqAH692yOGzMjGQr8q5kY2lhQ==\n-----END RSA PRIVATE KEY-----\n",
            "private_key_pem_pkcs8": "-----BEGIN PRIVATE KEY-----\nMIIEvgIBADANBgkqhkiG9w0BAQEFAASCBKgwggSkAgEAAoIBAQDfTqzYwqzrMGuK\n9EdpcmdYcigJfI7gjAbgPpLtfHLLViUzNHDfkxn2EbFexpJbVtIuVV4Z/OwHSPRx\n+QweQBR/fsP4AaT6aRJvGjznM7vj1TItUQaTaOYYKmn9xOBBeUSF2eq3WPn7OYja\nHotZg6W4kOMlGo7BySAwwpXhvHtsFiBj/ztNQ0OSz0pgV/nm+JpNde/cWNFE+KUc\nFM1Gpru+tBIrn/lePjl3KpM3zrRgeV/7DMGbu/h3+Qyt1xD8jhKfNYlK+ocAkxjB\nhZYc9rjI9HX/sdktpx/jmqk1ge5OmH4OZTnF3lhmheGYB0yIUEDONsfWmZnsg6N7\nlqQHASFhAgMBAAECggEAOi4yZItcKC7GZj68+GFBQc8EVWxpgWGaTQSgnVWGRyob\nqRqpqeaWpgD4GHxeF4QoYMAHM3gtOrysS6GaoasKbCln/47WIBQOJHpOkeJtuq+K\nUjpBH1j+Uh+C3AZWc1iYHNOpDroU73qPCF1a6yicndjKBZnExgKT64BXMqg78+3X\nTZ3aCpTN11979+HEFHTBSQrJ76PPhPojfkrhzq8AhgQifNwzpnTCsyDmPt5sq0Qv\nAxNYxNJc3mZqSupXCkwbj6hzmo55aAOPC/bzqVT7R3/9lwqJ+k0wt4BGwFpPJ04Y\nt9xzYDHQI5cbB1vfFFSJtrvfPR/jNW2/H2x8uKjLAQKBgQDvE9YJoh9WP/v8jSDt\n8tVDaDWGYgTKxSumsmKVkvMm3XzO7MqkA6osPoA7G56r1CN5zT8Bpc0zOHxrd2+K\nBvEBGmIJqlWmW8tZihDEc+zDhTWkQ18RJiNWpQ6aYC8F48ayY6DPnEl0z/LsXkdX\nZnrzf5z5L8+GEK0W9I6fgU+KMQKBgQDvHRQavPvj582C/6RvESLolRmBn+dXUB06\nQdcJwYM6IPhJLsA3UEmFTKREO7jg5a3bZTI/hA+y9eIuBNBqqJ+5aQ89jf3zF6PD\ne1AutzKE4yS8+GWoKEVyPxZBtYIsFcMluo1QI/Td/We5iGNPq4BxWGmH/bcL/3JF\nBlrhSYkOMQKBgDRc8do2SgrIBNbxyi6TqyYSYvbF7SrEOKVQGMuN3fe7NyTTNCbs\nLo92OPu5Nu2HjyWUUKJ5wBHh405eYG2oy4xkTOi1CAFhxY4c8UM16LuCJ5eMsfu9\nkKvfhu1E98egddqIe6Y9ItGU4i3nEFUSOweuAaGKWTeR23dVpQ9GcTdhAoGBAL1i\nV6ER26PX3eMKnW9GsFJsfUY4ox95mZyhtzLH7SrmICC+gYmN8p08ZcKRVs3xvDDP\nxuudql2A+EKgl35Szico+eQ0CVY3fAKBMbG+cankyh1N1B5Kvy5Mn1Et9Mr79ZN1\nXSWDRRdp9HRzfM0GNfYQI42NOySqjxPyg5p6Bq6RAoGBAKNrzZqheDZH7JqYopN+\n7erHV8LiMcFJmSsSS8Rvq6NuqrKii4rgDU049U930GjcXtq+sllBPT4mkuUVQGtQ\n2VGys6fy3ZV9upEamsUpJdGDKe3WoWcoZ3hwWRE6rd7LhuUynsprE9O/03E2RODk\nWoAfr3bI4bMyMZCvyrmRjaWF\n-----END PRIVATE KEY-----\n",
            "public_key_fingerprint_md5": "85:38:11:bf:0b:02:de:46:01:c9:65:b1:05:8e:6f:d9",
            "public_key_fingerprint_sha256": "SHA256:YjxYR3QI0l62bS3vpaT0HC4/AlLMYiViJ2HkQpRNMz4",
            "public_key_openssh": "ssh-rsa AAAAB3NzaC1yc2EAAAADAQABAAABAQDfTqzYwqzrMGuK9EdpcmdYcigJfI7gjAbgPpLtfHLLViUzNHDfkxn2EbFexpJbVtIuVV4Z/OwHSPRx+QweQBR/fsP4AaT6aRJvGjznM7vj1TItUQaTaOYYKmn9xOBBeUSF2eq3WPn7OYjaHotZg6W4kOMlGo7BySAwwpXhvHtsFiBj/ztNQ0OSz0pgV/nm+JpNde/cWNFE+KUcFM1Gpru+tBIrn/lePjl3KpM3zrRgeV/7DMGbu/h3+Qyt1xD8jhKfNYlK+ocAkxjBhZYc9rjI9HX/sdktpx/jmqk1ge5OmH4OZTnF3lhmheGYB0yIUEDONsfWmZnsg6N7lqQHASFh\n",
            "public_key_pem": "-----BEGIN PUBLIC KEY-----\nMIIBIjANBgkqhkiG9w0BAQEFAAOCAQ8AMIIBCgKCAQEA306s2MKs6zBrivRHaXJn\nWHIoCXyO4IwG4D6S7Xxyy1YlMzRw35MZ9hGxXsaSW1bSLlVeGfzsB0j0cfkMHkAU\nf37D+AGk+mkSbxo85zO749UyLVEGk2jmGCpp/cTgQXlEhdnqt1j5+zmI2h6LWYOl\nuJDjJRqOwckgMMKV4bx7bBYgY/87TUNDks9KYFf55viaTXXv3FjRRPilHBTNRqa7\nvrQSK5/5Xj45dyqTN860YHlf+wzBm7v4d/kMrdcQ/I4SnzWJSvqHAJMYwYWWHPa4\nyPR1/7HZLacf45qpNYHuTph+DmU5xd5YZoXhmAdMiFBAzjbH1pmZ7IOje5akBwEh\nYQIDAQAB\n-----END PUBLIC KEY-----\n",
            "rsa_bits": 2048
          },
          "sensitive_attributes": []
        }
      ]
    }
  ],
  "check_results": null
}
